
Microsoft Visual Studio Solution File, Format Version 12.00
# Visual Studio Version 17
VisualStudioVersion = 17.1.32407.343
MinimumVisualStudioVersion = 10.0.40219.1
Project("{9A19103F-16F7-4668-BE54-9A1E7A4F7556}") = "Product", "Product\Product.csproj", "{12657533-BC54-4390-9EDE-B51605BDC62E}"
EndProject
Project("{FAE04EC0-301F-11D3-BF4B-00C04F79EFBC}") = "TaskRunner", "TaskRunner\TaskRunner.csproj", "{DE8B0DBD-36D1-4E66-BE34-C2C42097FD1B}"
EndProject
Global
	GlobalSection(SolutionConfigurationPlatforms) = preSolution
		Debug|Any CPU = Debug|Any CPU
		Release|Any CPU = Release|Any CPU
	EndGlobalSection
	GlobalSection(ProjectConfigurationPlatforms) = postSolution
		{12657533-BC54-4390-9EDE-B51605BDC62E}.Debug|Any CPU.ActiveCfg = Debug|Any CPU
		{12657533-BC54-4390-9EDE-B51605BDC62E}.Debug|Any CPU.Build.0 = Debug|Any CPU
		{12657533-BC54-4390-9EDE-B51605BDC62E}.Release|Any CPU.ActiveCfg = Release|Any CPU
		{12657533-BC54-4390-9EDE-B51605BDC62E}.Release|Any CPU.Build.0 = Release|Any CPU
		{DE8B0DBD-36D1-4E66-BE34-C2C42097FD1B}.Debug|Any CPU.ActiveCfg = Debug|Any CPU
		{DE8B0DBD-36D1-4E66-BE34-C2C42097FD1B}.Debug|Any CPU.Build.0 = Debug|Any CPU
		{DE8B0DBD-36D1-4E66-BE34-C2C42097FD1B}.Release|Any CPU.ActiveCfg = Release|Any CPU
		{DE8B0DBD-36D1-4E66-BE34-C2C42097FD1B}.Release|Any CPU.Build.0 = Release|Any CPU
	EndGlobalSection
	GlobalSection(SolutionProperties) = preSolution
		HideSolutionNode = FALSE
	EndGlobalSection
	GlobalSection(ExtensibilityGlobals) = postSolution
		SolutionGuid = {E84EEBBF-E77B-4BB5-8DF8-97196AD14BE7}
	EndGlobalSection
EndGlobal
